
Microsoft Visual Studio Solution File, Format Version 12.00
# Visual Studio Version 17
VisualStudioVersion = 17.9.34607.119
MinimumVisualStudioVersion = 10.0.40219.1
Project("{9A19103F-16F7-4668-BE54-9A1E7A4F7556}") = "EA", "EA\EA.csproj", "{1ECD1A41-6DD3-4992-8EF0-9ED63A5E3A1D}"
EndProject
Project("{2150E333-8FDC-42A3-9474-1A3956D46DE8}") = "EA.Services", "EA.Services", "{41F614F7-DEBF-4757-A350-AA961657E1E0}"
EndProject
Project("{2150E333-8FDC-42A3-9474-1A3956D46DE8}") = "Dictionary", "Dictionary", "{CDB5874A-4F3C-4365-8CCE-5C44E2686989}"
EndProject
Project("{2150E333-8FDC-42A3-9474-1A3956D46DE8}") = "Document", "Document", "{64D1DDA4-14F7-420C-8738-7BB429FB911F}"
EndProject
Project("{2150E333-8FDC-42A3-9474-1A3956D46DE8}") = "Enrollment", "Enrollment", "{87AB8C4D-B63E-45F7-9512-B58764593A6B}"
EndProject
Project("{2150E333-8FDC-42A3-9474-1A3956D46DE8}") = "Management", "Management", "{0E705D61-7CE7-4164-9897-3C883AC724E7}"
EndProject
Project("{2150E333-8FDC-42A3-9474-1A3956D46DE8}") = "User", "User", "{36A5C6BE-B07B-4F49-A361-CC93AE0B56E3}"
EndProject
Project("{2150E333-8FDC-42A3-9474-1A3956D46DE8}") = "EA.Common", "EA.Common", "{29B7AAEA-E4B3-43B8-A58B-9E5D90B0AF40}"
EndProject
Project("{2150E333-8FDC-42A3-9474-1A3956D46DE8}") = "APIGateway", "APIGateway", "{9BBEAABE-F37A-4107-9BC5-A3E528E86F10}"
EndProject
Project("{2150E333-8FDC-42A3-9474-1A3956D46DE8}") = ".Shared", ".Shared", "{4D836E54-B8BE-47BB-837C-5AE9E31E984C}"
EndProject
Project("{2150E333-8FDC-42A3-9474-1A3956D46DE8}") = "Core", "Core", "{2C29FA82-4D27-4D90-9895-A811446FA4AF}"
EndProject
Project("{2150E333-8FDC-42A3-9474-1A3956D46DE8}") = "Infrastructure", "Infrastructure", "{BEE8BBCD-4470-4B70-BD99-1048B98E0129}"
EndProject
Project("{2150E333-8FDC-42A3-9474-1A3956D46DE8}") = "Core", "Core", "{1CA74582-BFF1-45AB-AFC0-296AE9118256}"
EndProject
Project("{2150E333-8FDC-42A3-9474-1A3956D46DE8}") = "Core", "Core", "{BEBA5A2F-2933-4A41-97DD-C4F330F58FC2}"
EndProject
Project("{2150E333-8FDC-42A3-9474-1A3956D46DE8}") = "Core", "Core", "{5A7465C6-5E11-4DA1-A988-10AB60E8C13C}"
EndProject
Project("{2150E333-8FDC-42A3-9474-1A3956D46DE8}") = "Core", "Core", "{711CCD36-D957-48B5-A00D-706810C24859}"
EndProject
Project("{2150E333-8FDC-42A3-9474-1A3956D46DE8}") = "Infrastructure", "Infrastructure", "{344F6126-8E36-4793-9237-0BFD31C9BF39}"
EndProject
Project("{9A19103F-16F7-4668-BE54-9A1E7A4F7556}") = "User.Domain", "User.Domain\UserMicroService\User.Domain.csproj", "{99A1060F-2470-477E-8C46-4213B255B543}"
EndProject
Project("{9A19103F-16F7-4668-BE54-9A1E7A4F7556}") = "Shared", "Shared\Shared.csproj", "{40834FA1-D214-4DC9-90DE-D085C3EC2F07}"
EndProject
Project("{9A19103F-16F7-4668-BE54-9A1E7A4F7556}") = "User.BL", "User.BL\User.BL.csproj", "{70225598-EA5F-4F16-AF91-90E63C2FEF43}"
EndProject
Project("{9A19103F-16F7-4668-BE54-9A1E7A4F7556}") = "User.Application", "User.Application\User.Application.csproj", "{8F93CE68-3821-41DF-BC59-31F796EFDAB0}"
EndProject
Project("{9A19103F-16F7-4668-BE54-9A1E7A4F7556}") = "Common", "Common\Common.csproj", "{9DCB22A2-3395-4706-89E6-FDF98CB100CE}"
EndProject
Project("{9A19103F-16F7-4668-BE54-9A1E7A4F7556}") = "Dictionary.Domain", "Dictionary.Domain\DictionaryMicroService\Dictionary.Domain.csproj", "{84AE8C1F-5B37-47CD-B09F-F1C7E9F2D005}"
EndProject
Project("{9A19103F-16F7-4668-BE54-9A1E7A4F7556}") = "Dictionary.Application", "Dictionary.Application\Dictionary.Application.csproj", "{5A5A5A98-7CB9-46CF-8508-115C395A142C}"
EndProject
Project("{9A19103F-16F7-4668-BE54-9A1E7A4F7556}") = "Dictionary.BL", "Dictionary.BL\Dictionary.BL.csproj", "{3CE516F6-14DD-4059-8532-640429784009}"
EndProject
Project("{9A19103F-16F7-4668-BE54-9A1E7A4F7556}") = "Enrollment.Application", "Enrollment.Application\Enrollment.Application.csproj", "{45FB31AA-E374-4835-A930-2E576B2F31C3}"
EndProject
Project("{9A19103F-16F7-4668-BE54-9A1E7A4F7556}") = "Enrollment.Domain", "Enrollment.Domain\EnrollmentMicroService\Enrollment.Domain.csproj", "{D43276A3-131D-4032-9640-4FD2F1164AFB}"
EndProject
Project("{2150E333-8FDC-42A3-9474-1A3956D46DE8}") = "Infrastructure", "Infrastructure", "{9C56AF32-3FA4-4EF3-82E0-00ABED3E1D0B}"
EndProject
Project("{9A19103F-16F7-4668-BE54-9A1E7A4F7556}") = "Enrollment.BL", "Enrollment.BL\Enrollment.BL.csproj", "{A27B694D-A8F7-479A-A64B-30B4DAE461D9}"
EndProject
Global
	GlobalSection(SolutionConfigurationPlatforms) = preSolution
		Debug|Any CPU = Debug|Any CPU
		Release|Any CPU = Release|Any CPU
	EndGlobalSection
	GlobalSection(ProjectConfigurationPlatforms) = postSolution
		{1ECD1A41-6DD3-4992-8EF0-9ED63A5E3A1D}.Debug|Any CPU.ActiveCfg = Debug|Any CPU
		{1ECD1A41-6DD3-4992-8EF0-9ED63A5E3A1D}.Debug|Any CPU.Build.0 = Debug|Any CPU
		{1ECD1A41-6DD3-4992-8EF0-9ED63A5E3A1D}.Release|Any CPU.ActiveCfg = Release|Any CPU
		{1ECD1A41-6DD3-4992-8EF0-9ED63A5E3A1D}.Release|Any CPU.Build.0 = Release|Any CPU
		{99A1060F-2470-477E-8C46-4213B255B543}.Debug|Any CPU.ActiveCfg = Debug|Any CPU
		{99A1060F-2470-477E-8C46-4213B255B543}.Debug|Any CPU.Build.0 = Debug|Any CPU
		{99A1060F-2470-477E-8C46-4213B255B543}.Release|Any CPU.ActiveCfg = Release|Any CPU
		{99A1060F-2470-477E-8C46-4213B255B543}.Release|Any CPU.Build.0 = Release|Any CPU
		{40834FA1-D214-4DC9-90DE-D085C3EC2F07}.Debug|Any CPU.ActiveCfg = Debug|Any CPU
		{40834FA1-D214-4DC9-90DE-D085C3EC2F07}.Debug|Any CPU.Build.0 = Debug|Any CPU
		{40834FA1-D214-4DC9-90DE-D085C3EC2F07}.Release|Any CPU.ActiveCfg = Release|Any CPU
		{40834FA1-D214-4DC9-90DE-D085C3EC2F07}.Release|Any CPU.Build.0 = Release|Any CPU
		{70225598-EA5F-4F16-AF91-90E63C2FEF43}.Debug|Any CPU.ActiveCfg = Debug|Any CPU
		{70225598-EA5F-4F16-AF91-90E63C2FEF43}.Debug|Any CPU.Build.0 = Debug|Any CPU
		{70225598-EA5F-4F16-AF91-90E63C2FEF43}.Release|Any CPU.ActiveCfg = Release|Any CPU
		{70225598-EA5F-4F16-AF91-90E63C2FEF43}.Release|Any CPU.Build.0 = Release|Any CPU
		{8F93CE68-3821-41DF-BC59-31F796EFDAB0}.Debug|Any CPU.ActiveCfg = Debug|Any CPU
		{8F93CE68-3821-41DF-BC59-31F796EFDAB0}.Debug|Any CPU.Build.0 = Debug|Any CPU
		{8F93CE68-3821-41DF-BC59-31F796EFDAB0}.Release|Any CPU.ActiveCfg = Release|Any CPU
		{8F93CE68-3821-41DF-BC59-31F796EFDAB0}.Release|Any CPU.Build.0 = Release|Any CPU
		{9DCB22A2-3395-4706-89E6-FDF98CB100CE}.Debug|Any CPU.ActiveCfg = Debug|Any CPU
		{9DCB22A2-3395-4706-89E6-FDF98CB100CE}.Debug|Any CPU.Build.0 = Debug|Any CPU
		{9DCB22A2-3395-4706-89E6-FDF98CB100CE}.Release|Any CPU.ActiveCfg = Release|Any CPU
		{9DCB22A2-3395-4706-89E6-FDF98CB100CE}.Release|Any CPU.Build.0 = Release|Any CPU
		{84AE8C1F-5B37-47CD-B09F-F1C7E9F2D005}.Debug|Any CPU.ActiveCfg = Debug|Any CPU
		{84AE8C1F-5B37-47CD-B09F-F1C7E9F2D005}.Debug|Any CPU.Build.0 = Debug|Any CPU
		{84AE8C1F-5B37-47CD-B09F-F1C7E9F2D005}.Release|Any CPU.ActiveCfg = Release|Any CPU
		{84AE8C1F-5B37-47CD-B09F-F1C7E9F2D005}.Release|Any CPU.Build.0 = Release|Any CPU
		{5A5A5A98-7CB9-46CF-8508-115C395A142C}.Debug|Any CPU.ActiveCfg = Debug|Any CPU
		{5A5A5A98-7CB9-46CF-8508-115C395A142C}.Debug|Any CPU.Build.0 = Debug|Any CPU
		{5A5A5A98-7CB9-46CF-8508-115C395A142C}.Release|Any CPU.ActiveCfg = Release|Any CPU
		{5A5A5A98-7CB9-46CF-8508-115C395A142C}.Release|Any CPU.Build.0 = Release|Any CPU
		{3CE516F6-14DD-4059-8532-640429784009}.Debug|Any CPU.ActiveCfg = Debug|Any CPU
		{3CE516F6-14DD-4059-8532-640429784009}.Debug|Any CPU.Build.0 = Debug|Any CPU
		{3CE516F6-14DD-4059-8532-640429784009}.Release|Any CPU.ActiveCfg = Release|Any CPU
		{3CE516F6-14DD-4059-8532-640429784009}.Release|Any CPU.Build.0 = Release|Any CPU
		{45FB31AA-E374-4835-A930-2E576B2F31C3}.Debug|Any CPU.ActiveCfg = Debug|Any CPU
		{45FB31AA-E374-4835-A930-2E576B2F31C3}.Debug|Any CPU.Build.0 = Debug|Any CPU
		{45FB31AA-E374-4835-A930-2E576B2F31C3}.Release|Any CPU.ActiveCfg = Release|Any CPU
		{45FB31AA-E374-4835-A930-2E576B2F31C3}.Release|Any CPU.Build.0 = Release|Any CPU
		{D43276A3-131D-4032-9640-4FD2F1164AFB}.Debug|Any CPU.ActiveCfg = Debug|Any CPU
		{D43276A3-131D-4032-9640-4FD2F1164AFB}.Debug|Any CPU.Build.0 = Debug|Any CPU
		{D43276A3-131D-4032-9640-4FD2F1164AFB}.Release|Any CPU.ActiveCfg = Release|Any CPU
		{D43276A3-131D-4032-9640-4FD2F1164AFB}.Release|Any CPU.Build.0 = Release|Any CPU
		{A27B694D-A8F7-479A-A64B-30B4DAE461D9}.Debug|Any CPU.ActiveCfg = Debug|Any CPU
		{A27B694D-A8F7-479A-A64B-30B4DAE461D9}.Debug|Any CPU.Build.0 = Debug|Any CPU
		{A27B694D-A8F7-479A-A64B-30B4DAE461D9}.Release|Any CPU.ActiveCfg = Release|Any CPU
		{A27B694D-A8F7-479A-A64B-30B4DAE461D9}.Release|Any CPU.Build.0 = Release|Any CPU
	EndGlobalSection
	GlobalSection(SolutionProperties) = preSolution
		HideSolutionNode = FALSE
	EndGlobalSection
	GlobalSection(NestedProjects) = preSolution
		{CDB5874A-4F3C-4365-8CCE-5C44E2686989} = {41F614F7-DEBF-4757-A350-AA961657E1E0}
		{64D1DDA4-14F7-420C-8738-7BB429FB911F} = {41F614F7-DEBF-4757-A350-AA961657E1E0}
		{87AB8C4D-B63E-45F7-9512-B58764593A6B} = {41F614F7-DEBF-4757-A350-AA961657E1E0}
		{0E705D61-7CE7-4164-9897-3C883AC724E7} = {41F614F7-DEBF-4757-A350-AA961657E1E0}
		{36A5C6BE-B07B-4F49-A361-CC93AE0B56E3} = {41F614F7-DEBF-4757-A350-AA961657E1E0}
		{4D836E54-B8BE-47BB-837C-5AE9E31E984C} = {41F614F7-DEBF-4757-A350-AA961657E1E0}
		{2C29FA82-4D27-4D90-9895-A811446FA4AF} = {CDB5874A-4F3C-4365-8CCE-5C44E2686989}
		{BEE8BBCD-4470-4B70-BD99-1048B98E0129} = {CDB5874A-4F3C-4365-8CCE-5C44E2686989}
		{1CA74582-BFF1-45AB-AFC0-296AE9118256} = {64D1DDA4-14F7-420C-8738-7BB429FB911F}
		{BEBA5A2F-2933-4A41-97DD-C4F330F58FC2} = {87AB8C4D-B63E-45F7-9512-B58764593A6B}
		{5A7465C6-5E11-4DA1-A988-10AB60E8C13C} = {0E705D61-7CE7-4164-9897-3C883AC724E7}
		{711CCD36-D957-48B5-A00D-706810C24859} = {36A5C6BE-B07B-4F49-A361-CC93AE0B56E3}
		{344F6126-8E36-4793-9237-0BFD31C9BF39} = {36A5C6BE-B07B-4F49-A361-CC93AE0B56E3}
		{99A1060F-2470-477E-8C46-4213B255B543} = {711CCD36-D957-48B5-A00D-706810C24859}
		{40834FA1-D214-4DC9-90DE-D085C3EC2F07} = {4D836E54-B8BE-47BB-837C-5AE9E31E984C}
		{70225598-EA5F-4F16-AF91-90E63C2FEF43} = {344F6126-8E36-4793-9237-0BFD31C9BF39}
		{8F93CE68-3821-41DF-BC59-31F796EFDAB0} = {711CCD36-D957-48B5-A00D-706810C24859}
		{9DCB22A2-3395-4706-89E6-FDF98CB100CE} = {29B7AAEA-E4B3-43B8-A58B-9E5D90B0AF40}
		{84AE8C1F-5B37-47CD-B09F-F1C7E9F2D005} = {2C29FA82-4D27-4D90-9895-A811446FA4AF}
		{5A5A5A98-7CB9-46CF-8508-115C395A142C} = {2C29FA82-4D27-4D90-9895-A811446FA4AF}
		{3CE516F6-14DD-4059-8532-640429784009} = {BEE8BBCD-4470-4B70-BD99-1048B98E0129}
		{45FB31AA-E374-4835-A930-2E576B2F31C3} = {BEBA5A2F-2933-4A41-97DD-C4F330F58FC2}
		{D43276A3-131D-4032-9640-4FD2F1164AFB} = {BEBA5A2F-2933-4A41-97DD-C4F330F58FC2}
		{9C56AF32-3FA4-4EF3-82E0-00ABED3E1D0B} = {87AB8C4D-B63E-45F7-9512-B58764593A6B}
		{A27B694D-A8F7-479A-A64B-30B4DAE461D9} = {9C56AF32-3FA4-4EF3-82E0-00ABED3E1D0B}
	EndGlobalSection
	GlobalSection(ExtensibilityGlobals) = postSolution
		SolutionGuid = {FFF5D6B4-0EBF-41CA-9B4A-CE51C9A38431}
	EndGlobalSection
EndGlobal
