
Microsoft Visual Studio Solution File, Format Version 12.00
# Visual Studio Version 17
VisualStudioVersion = 17.9.34607.119
MinimumVisualStudioVersion = 10.0.40219.1
Project("{FAE04EC0-301F-11D3-BF4B-00C04F79EFBC}") = "UserMicroService", "UserMicroService\UserMicroService.csproj", "{DDDE26DA-4885-4676-A95C-38D5F2FF9886}"
EndProject
Global
	GlobalSection(SolutionConfigurationPlatforms) = preSolution
		Debug|Any CPU = Debug|Any CPU
		Release|Any CPU = Release|Any CPU
	EndGlobalSection
	GlobalSection(ProjectConfigurationPlatforms) = postSolution
		{DDDE26DA-4885-4676-A95C-38D5F2FF9886}.Debug|Any CPU.ActiveCfg = Debug|Any CPU
		{DDDE26DA-4885-4676-A95C-38D5F2FF9886}.Debug|Any CPU.Build.0 = Debug|Any CPU
		{DDDE26DA-4885-4676-A95C-38D5F2FF9886}.Release|Any CPU.ActiveCfg = Release|Any CPU
		{DDDE26DA-4885-4676-A95C-38D5F2FF9886}.Release|Any CPU.Build.0 = Release|Any CPU
	EndGlobalSection
	GlobalSection(SolutionProperties) = preSolution
		HideSolutionNode = FALSE
	EndGlobalSection
	GlobalSection(ExtensibilityGlobals) = postSolution
		SolutionGuid = {9FE717C4-15A7-4EBC-BE1C-562E56A06E91}
	EndGlobalSection
EndGlobal
